{
    "_readme": [
        "This file locks the dependencies of your project to a known state",
        "Read more about it at https://getcomposer.org/doc/01-basic-usage.md#installing-dependencies",
        "This file is @generated automatically"
    ],
    "content-hash": "4ca40fc7fbdd83a09c1616749d7a89dc",
    "packages": [
        {
            "name": "aura/sqlquery",
            "version": "2.7.1",
            "source": {
                "type": "git",
                "url": "https://github.com/auraphp/Aura.SqlQuery.git",
                "reference": "dd81b57aeb43628180a9c70a4df58d872024d7f2"
            },
            "dist": {
                "type": "zip",
                "url": "https://api.github.com/repos/auraphp/Aura.SqlQuery/zipball/dd81b57aeb43628180a9c70a4df58d872024d7f2",
                "reference": "dd81b57aeb43628180a9c70a4df58d872024d7f2",
                "shasum": ""
            },
            "require": {
                "php": ">=5.3.9"
            },
            "suggest": {
                "aura/sql": "Provides an extension to the native PDO along with a profiler and connection locator. Use version 2.*."
            },
            "type": "library",
            "extra": {
                "aura": {
                    "type": "library"
                }
            },
            "autoload": {
                "psr-4": {
                    "Aura\\SqlQuery\\": "src/"
                }
            },
            "notification-url": "https://packagist.org/downloads/",
            "license": [
                "BSD-2-Clause"
            ],
            "authors": [
                {
                    "name": "Aura.SqlQuery Contributors",
                    "homepage": "https://github.com/auraphp/Aura.SqlQuery/contributors"
                }
            ],
            "description": "Object-oriented query builders for MySQL, Postgres, SQLite, and SQLServer; can be used with any database connection library.",
            "homepage": "https://github.com/auraphp/Aura.SqlQuery",
            "keywords": [
                "database",
                "db",
                "delete",
                "dml",
                "insert",
                "mysql",
                "pdo",
                "pgsql",
                "postgres",
                "postgresql",
                "query",
                "select",
                "sql",
                "sql server",
                "sqlite",
                "sqlserver",
                "update"
            ],
            "time": "2016-10-03T20:34:56+00:00"
        },
        {
            "name": "nikic/fast-route",
            "version": "v1.3.0",
            "source": {
                "type": "git",
                "url": "https://github.com/nikic/FastRoute.git",
                "reference": "181d480e08d9476e61381e04a71b34dc0432e812"
            },
            "dist": {
                "type": "zip",
                "url": "https://api.github.com/repos/nikic/FastRoute/zipball/181d480e08d9476e61381e04a71b34dc0432e812",
                "reference": "181d480e08d9476e61381e04a71b34dc0432e812",
                "shasum": ""
            },
            "require": {
                "php": ">=5.4.0"
            },
            "require-dev": {
                "phpunit/phpunit": "^4.8.35|~5.7"
            },
            "type": "library",
            "autoload": {
                "psr-4": {
                    "FastRoute\\": "src/"
                },
                "files": [
                    "src/functions.php"
                ]
            },
            "notification-url": "https://packagist.org/downloads/",
            "license": [
                "BSD-3-Clause"
            ],
            "authors": [
                {
                    "name": "Nikita Popov",
                    "email": "nikic@php.net"
                }
            ],
            "description": "Fast request router for PHP",
            "keywords": [
                "router",
                "routing"
            ],
            "time": "2018-02-13T20:26:39+00:00"
        },
        {
            "name": "psr/http-message",
            "version": "1.0.1",
            "source": {
                "type": "git",
                "url": "https://github.com/php-fig/http-message.git",
                "reference": "f6561bf28d520154e4b0ec72be95418abe6d9363"
            },
            "dist": {
                "type": "zip",
                "url": "https://api.github.com/repos/php-fig/http-message/zipball/f6561bf28d520154e4b0ec72be95418abe6d9363",
                "reference": "f6561bf28d520154e4b0ec72be95418abe6d9363",
                "shasum": ""
            },
            "require": {
                "php": ">=5.3.0"
            },
            "type": "library",
            "extra": {
                "branch-alias": {
                    "dev-master": "1.0.x-dev"
                }
            },
            "autoload": {
                "psr-4": {
                    "Psr\\Http\\Message\\": "src/"
                }
            },
            "notification-url": "https://packagist.org/downloads/",
            "license": [
                "MIT"
            ],
            "authors": [
                {
                    "name": "PHP-FIG",
                    "homepage": "http://www.php-fig.org/"
                }
            ],
            "description": "Common interface for HTTP messages",
            "homepage": "https://github.com/php-fig/http-message",
            "keywords": [
                "http",
                "http-message",
                "psr",
                "psr-7",
                "request",
                "response"
            ],
            "time": "2016-08-06T14:39:51+00:00"
        },
        {
            "name": "swlib/http",
            "version": "v1.0.1",
            "source": {
                "type": "git",
                "url": "https://github.com/swlib/http.git",
                "reference": "a7d1b274982c2bcb14ae03b60f4277c7b67bd473"
            },
            "dist": {
                "type": "zip",
                "url": "https://api.github.com/repos/swlib/http/zipball/a7d1b274982c2bcb14ae03b60f4277c7b67bd473",
                "reference": "a7d1b274982c2bcb14ae03b60f4277c7b67bd473",
                "shasum": ""
            },
            "require": {
                "php": ">=7.0",
                "psr/http-message": "~1.0"
            },
            "require-dev": {
                "eaglewu/swoole-ide-helper": "dev-master",
                "phpunit/phpunit": "~7"
            },
            "type": "library",
            "autoload": {
                "files": [
                    "src/functions.php"
                ],
                "psr-4": {
                    "Swlib\\Http\\": "src"
                }
            },
            "notification-url": "https://packagist.org/downloads/",
            "license": [
                "MIT"
            ],
            "authors": [
                {
                    "name": "twosee",
                    "email": "twose@qq.com"
                }
            ],
            "description": "Swlib-HTTP base class repository, PSR implementation",
            "keywords": [
                "http",
                "php",
                "psr7",
                "swoole"
            ],
            "time": "2018-10-31T05:28:52+00:00"
        },
        {
            "name": "swlib/saber",
            "version": "v1.0.6",
            "source": {
                "type": "git",
                "url": "https://github.com/swlib/saber.git",
                "reference": "5cd11340e39c335e3fc6f8fee38ebdbe16b57def"
            },
            "dist": {
                "type": "zip",
                "url": "https://api.github.com/repos/swlib/saber/zipball/5cd11340e39c335e3fc6f8fee38ebdbe16b57def",
                "reference": "5cd11340e39c335e3fc6f8fee38ebdbe16b57def",
                "shasum": ""
            },
            "require": {
                "php": ">=7.0",
                "swlib/http": "1.0.1",
                "swlib/util": "1.0.0"
            },
            "require-dev": {
                "eaglewu/swoole-ide-helper": "dev-master",
                "phpunit/phpunit": "~7"
            },
            "type": "library",
            "autoload": {
                "classmap": [
                    "src/Saber.php",
                    "src/SaberGM.php"
                ],
                "psr-4": {
                    "Swlib\\Saber\\": "src"
                },
                "files": [
                    "src/include/functions.php"
                ]
            },
            "notification-url": "https://packagist.org/downloads/",
            "license": [
                "Apache-2.0"
            ],
            "authors": [
                {
                    "name": "twosee",
                    "email": "twose@qq.com"
                }
            ],
            "description": "Swoole coroutine HTTP client",
            "keywords": [
                "ajax",
                "axios",
                "client",
                "coroutine",
                "curl",
                "http",
                "php",
                "psr7",
                "requests",
                "swoole"
            ],
            "time": "2018-11-28T07:07:48+00:00"
        },
        {
            "name": "swlib/util",
            "version": "1.0.0",
            "source": {
                "type": "git",
                "url": "https://github.com/swlib/util.git",
                "reference": "f9aaa9028ea16a489a46b9ad09f0e844997cffe7"
            },
            "dist": {
                "type": "zip",
                "url": "https://api.github.com/repos/swlib/util/zipball/f9aaa9028ea16a489a46b9ad09f0e844997cffe7",
                "reference": "f9aaa9028ea16a489a46b9ad09f0e844997cffe7",
                "shasum": ""
            },
            "require": {
                "php": ">=7.0"
            },
            "require-dev": {
                "eaglewu/swoole-ide-helper": "dev-master",
                "phpunit/phpunit": "~7"
            },
            "type": "library",
            "autoload": {
                "psr-4": {
                    "Swlib\\Util\\": "src"
                }
            },
            "notification-url": "https://packagist.org/downloads/",
            "license": [
                "Apache-2.0"
            ],
            "authors": [
                {
                    "name": "twosee",
                    "email": "twose@qq.com"
                }
            ],
            "description": "Swlib Toolkit",
            "keywords": [
                "php",
                "swlib",
                "swoole",
                "util"
            ],
            "time": "2018-07-23T04:36:19+00:00"
        },
        {
            "name": "vlucas/phpdotenv",
            "version": "v2.5.1",
            "source": {
                "type": "git",
                "url": "https://github.com/vlucas/phpdotenv.git",
                "reference": "8abb4f9aa89ddea9d52112c65bbe8d0125e2fa8e"
            },
            "dist": {
                "type": "zip",
                "url": "https://api.github.com/repos/vlucas/phpdotenv/zipball/8abb4f9aa89ddea9d52112c65bbe8d0125e2fa8e",
                "reference": "8abb4f9aa89ddea9d52112c65bbe8d0125e2fa8e",
                "shasum": ""
            },
            "require": {
                "php": ">=5.3.9"
            },
            "require-dev": {
                "phpunit/phpunit": "^4.8.35 || ^5.0"
            },
            "type": "library",
            "extra": {
                "branch-alias": {
                    "dev-master": "2.5-dev"
                }
            },
            "autoload": {
                "psr-4": {
                    "Dotenv\\": "src/"
                }
            },
            "notification-url": "https://packagist.org/downloads/",
            "license": [
                "BSD-3-Clause"
            ],
            "authors": [
                {
                    "name": "Vance Lucas",
                    "email": "vance@vancelucas.com",
                    "homepage": "http://www.vancelucas.com"
                }
            ],
            "description": "Loads environment variables from `.env` to `getenv()`, `$_ENV` and `$_SERVER` automagically.",
            "keywords": [
                "dotenv",
                "env",
                "environment"
            ],
            "time": "2018-07-29T20:33:41+00:00"
        }
    ],
    "packages-dev": [],
    "aliases": [],
    "minimum-stability": "stable",
    "stability-flags": [],
    "prefer-stable": false,
    "prefer-lowest": false,
    "platform": [],
    "platform-dev": []
}
